
Microsoft Visual Studio Solution File, Format Version 12.00
# Visual Studio Version 17
VisualStudioVersion = 17.14.36511.14 d17.14
MinimumVisualStudioVersion = 10.0.40219.1
Project("{FAE04EC0-301F-11D3-BF4B-00C04F79EFBC}") = "Demo5", "Demo5.csproj", "{8AD397E1-FCDF-4AFF-9F7C-F1C8FC4D6EFC}"
EndProject
Global
	GlobalSection(SolutionConfigurationPlatforms) = preSolution
		Debug|Any CPU = Debug|Any CPU
		Release|Any CPU = Release|Any CPU
	EndGlobalSection
	GlobalSection(ProjectConfigurationPlatforms) = postSolution
		{8AD397E1-FCDF-4AFF-9F7C-F1C8FC4D6EFC}.Debug|Any CPU.ActiveCfg = Debug|Any CPU
		{8AD397E1-FCDF-4AFF-9F7C-F1C8FC4D6EFC}.Debug|Any CPU.Build.0 = Debug|Any CPU
		{8AD397E1-FCDF-4AFF-9F7C-F1C8FC4D6EFC}.Release|Any CPU.ActiveCfg = Release|Any CPU
		{8AD397E1-FCDF-4AFF-9F7C-F1C8FC4D6EFC}.Release|Any CPU.Build.0 = Release|Any CPU
	EndGlobalSection
	GlobalSection(SolutionProperties) = preSolution
		HideSolutionNode = FALSE
	EndGlobalSection
	GlobalSection(ExtensibilityGlobals) = postSolution
		SolutionGuid = {E55D880A-0487-4BD5-B9CD-1B42F4185779}
	EndGlobalSection
EndGlobal
